
Microsoft Visual Studio Solution File, Format Version 12.00
Project("{2150E333-8FDC-42A3-9474-1A3956D46DE8}") = "src", "src", "{827AD204-09B8-4515-ABE4-62137FD8A436}"
EndProject
Project("{FAE04EC0-301F-11D3-BF4B-00C04F79EFBC}") = "BlazorFrontend", "BlazorFrontend\BlazorFrontend.csproj", "{CE313BCD-4D42-464C-845C-B037C4ED1AB9}"
EndProject
Project("{FAE04EC0-301F-11D3-BF4B-00C04F79EFBC}") = "GrpcBackend", "GrpcBackend\GrpcBackend.csproj", "{46E192AD-7623-4183-9D7F-452D3DCE4C1A}"
EndProject
Project("{2150E333-8FDC-42A3-9474-1A3956D46DE8}") = "Solution Items", "Solution Items", "{F6F5C2AB-3158-459F-9BDB-641DB7BDA3E4}"
	ProjectSection(SolutionItems) = preProject
		Directory.Packages.props = Directory.Packages.props
	EndProjectSection
EndProject
Project("{FAE04EC0-301F-11D3-BF4B-00C04F79EFBC}") = "GrpcCommons", "GrpcCommons\GrpcCommons.csproj", "{4C140361-DBF2-4A47-8622-9C0DE57F999B}"
EndProject
Project("{FAE04EC0-301F-11D3-BF4B-00C04F79EFBC}") = "Persistence", "Persistence\Persistence.csproj", "{57DA02B8-9985-4523-B033-49266A5DEF2C}"
EndProject
Project("{FAE04EC0-301F-11D3-BF4B-00C04F79EFBC}") = "Infrastructure", "Infrastructure\Infrastructure.csproj", "{84158616-88D4-4509-B23B-2ED02BBCC9B3}"
EndProject
Project("{FAE04EC0-301F-11D3-BF4B-00C04F79EFBC}") = "AppHost.AppHost", "AppHost\AppHost.AppHost\AppHost.AppHost.csproj", "{3317AAA5-E963-4E7E-A0D3-086F02F494C8}"
EndProject
Project("{FAE04EC0-301F-11D3-BF4B-00C04F79EFBC}") = "AppHost.ServiceDefaults", "AppHost\AppHost.ServiceDefaults\AppHost.ServiceDefaults.csproj", "{D6457331-B878-4B82-9D01-FCB1632AC3DD}"
EndProject
Global
	GlobalSection(SolutionConfigurationPlatforms) = preSolution
		Debug|Any CPU = Debug|Any CPU
		Release|Any CPU = Release|Any CPU
	EndGlobalSection
	GlobalSection(NestedProjects) = preSolution
		{CE313BCD-4D42-464C-845C-B037C4ED1AB9} = {827AD204-09B8-4515-ABE4-62137FD8A436}
		{46E192AD-7623-4183-9D7F-452D3DCE4C1A} = {827AD204-09B8-4515-ABE4-62137FD8A436}
		{4C140361-DBF2-4A47-8622-9C0DE57F999B} = {827AD204-09B8-4515-ABE4-62137FD8A436}
		{57DA02B8-9985-4523-B033-49266A5DEF2C} = {827AD204-09B8-4515-ABE4-62137FD8A436}
		{84158616-88D4-4509-B23B-2ED02BBCC9B3} = {827AD204-09B8-4515-ABE4-62137FD8A436}
		{3317AAA5-E963-4E7E-A0D3-086F02F494C8} = {827AD204-09B8-4515-ABE4-62137FD8A436}
		{D6457331-B878-4B82-9D01-FCB1632AC3DD} = {827AD204-09B8-4515-ABE4-62137FD8A436}
	EndGlobalSection
	GlobalSection(ProjectConfigurationPlatforms) = postSolution
		{CE313BCD-4D42-464C-845C-B037C4ED1AB9}.Debug|Any CPU.ActiveCfg = Debug|Any CPU
		{CE313BCD-4D42-464C-845C-B037C4ED1AB9}.Debug|Any CPU.Build.0 = Debug|Any CPU
		{CE313BCD-4D42-464C-845C-B037C4ED1AB9}.Release|Any CPU.ActiveCfg = Release|Any CPU
		{CE313BCD-4D42-464C-845C-B037C4ED1AB9}.Release|Any CPU.Build.0 = Release|Any CPU
		{46E192AD-7623-4183-9D7F-452D3DCE4C1A}.Debug|Any CPU.ActiveCfg = Debug|Any CPU
		{46E192AD-7623-4183-9D7F-452D3DCE4C1A}.Debug|Any CPU.Build.0 = Debug|Any CPU
		{46E192AD-7623-4183-9D7F-452D3DCE4C1A}.Release|Any CPU.ActiveCfg = Release|Any CPU
		{46E192AD-7623-4183-9D7F-452D3DCE4C1A}.Release|Any CPU.Build.0 = Release|Any CPU
		{4C140361-DBF2-4A47-8622-9C0DE57F999B}.Debug|Any CPU.ActiveCfg = Debug|Any CPU
		{4C140361-DBF2-4A47-8622-9C0DE57F999B}.Debug|Any CPU.Build.0 = Debug|Any CPU
		{4C140361-DBF2-4A47-8622-9C0DE57F999B}.Release|Any CPU.ActiveCfg = Release|Any CPU
		{4C140361-DBF2-4A47-8622-9C0DE57F999B}.Release|Any CPU.Build.0 = Release|Any CPU
		{57DA02B8-9985-4523-B033-49266A5DEF2C}.Debug|Any CPU.ActiveCfg = Debug|Any CPU
		{57DA02B8-9985-4523-B033-49266A5DEF2C}.Debug|Any CPU.Build.0 = Debug|Any CPU
		{57DA02B8-9985-4523-B033-49266A5DEF2C}.Release|Any CPU.ActiveCfg = Release|Any CPU
		{57DA02B8-9985-4523-B033-49266A5DEF2C}.Release|Any CPU.Build.0 = Release|Any CPU
		{84158616-88D4-4509-B23B-2ED02BBCC9B3}.Debug|Any CPU.ActiveCfg = Debug|Any CPU
		{84158616-88D4-4509-B23B-2ED02BBCC9B3}.Debug|Any CPU.Build.0 = Debug|Any CPU
		{84158616-88D4-4509-B23B-2ED02BBCC9B3}.Release|Any CPU.ActiveCfg = Release|Any CPU
		{84158616-88D4-4509-B23B-2ED02BBCC9B3}.Release|Any CPU.Build.0 = Release|Any CPU
		{3317AAA5-E963-4E7E-A0D3-086F02F494C8}.Debug|Any CPU.ActiveCfg = Debug|Any CPU
		{3317AAA5-E963-4E7E-A0D3-086F02F494C8}.Debug|Any CPU.Build.0 = Debug|Any CPU
		{3317AAA5-E963-4E7E-A0D3-086F02F494C8}.Release|Any CPU.ActiveCfg = Release|Any CPU
		{3317AAA5-E963-4E7E-A0D3-086F02F494C8}.Release|Any CPU.Build.0 = Release|Any CPU
		{D6457331-B878-4B82-9D01-FCB1632AC3DD}.Debug|Any CPU.ActiveCfg = Debug|Any CPU
		{D6457331-B878-4B82-9D01-FCB1632AC3DD}.Debug|Any CPU.Build.0 = Debug|Any CPU
		{D6457331-B878-4B82-9D01-FCB1632AC3DD}.Release|Any CPU.ActiveCfg = Release|Any CPU
		{D6457331-B878-4B82-9D01-FCB1632AC3DD}.Release|Any CPU.Build.0 = Release|Any CPU
	EndGlobalSection
EndGlobal
